
Microsoft Visual Studio Solution File, Format Version 12.00
# Visual Studio Version 17
VisualStudioVersion = 17.14.36408.4 d17.14
MinimumVisualStudioVersion = 10.0.40219.1
Project("{FAE04EC0-301F-11D3-BF4B-00C04F79EFBC}") = "DesafioBackendVertrau", "DesafioBackendVertrau\DesafioBackendVertrau.csproj", "{9C2F83E9-A5B3-4D78-9263-E0911FB22924}"
EndProject
Global
	GlobalSection(SolutionConfigurationPlatforms) = preSolution
		Debug|Any CPU = Debug|Any CPU
		Release|Any CPU = Release|Any CPU
	EndGlobalSection
	GlobalSection(ProjectConfigurationPlatforms) = postSolution
		{9C2F83E9-A5B3-4D78-9263-E0911FB22924}.Debug|Any CPU.ActiveCfg = Debug|Any CPU
		{9C2F83E9-A5B3-4D78-9263-E0911FB22924}.Debug|Any CPU.Build.0 = Debug|Any CPU
		{9C2F83E9-A5B3-4D78-9263-E0911FB22924}.Release|Any CPU.ActiveCfg = Release|Any CPU
		{9C2F83E9-A5B3-4D78-9263-E0911FB22924}.Release|Any CPU.Build.0 = Release|Any CPU
	EndGlobalSection
	GlobalSection(SolutionProperties) = preSolution
		HideSolutionNode = FALSE
	EndGlobalSection
	GlobalSection(ExtensibilityGlobals) = postSolution
		SolutionGuid = {897270F2-5E37-4C05-B55A-F477C1EF1297}
	EndGlobalSection
EndGlobal
